// !$*UTF8*$!
{
	archiveVersion = 1;
	classes = {
	};
	objectVersion = 46;
	objects = {
/* Begin PBXBuildFile section */
		017CEF4FB68A4CA3A3DDEC9B /* Location.m in Sources */ = {isa = PBXBuildFile; fileRef = CE11FB8ADA434224820C9058 /* Location.m */; };
		0207DA581B56EA530066E2B4 /* Images.xcassets in Resources */ = {isa = PBXBuildFile; fileRef = 0207DA571B56EA530066E2B4 /* Images.xcassets */; };
		10A2CA8D01C24261A0A9805C /* CDVCamera.m in Sources */ = {isa = PBXBuildFile; fileRef = DE218085703E448B992BE8AB /* CDVCamera.m */; };
		116D936F550D4EB8AF5BCB58 /* CDVViewController+SplashScreen.m in Sources */ = {isa = PBXBuildFile; fileRef = 7F032CB892F740228B582C72 /* CDVViewController+SplashScreen.m */; };
		13298C063A714C9AA334983C /* CDVSplashScreen.m in Sources */ = {isa = PBXBuildFile; fileRef = ED50D3F130F34005B5BDF415 /* CDVSplashScreen.m */; };
		15F1DA74298D40B994338240 /* libsqlite3.dylib in Frameworks */ = {isa = PBXBuildFile; fileRef = 08EC146BF81C46AC8BC5C9B4 /* libsqlite3.dylib */; settings = {ATTRIBUTES = (Weak, ); }; };
		1A5070C4A94F4114BF6E37DF /* AddressBook.framework in Frameworks */ = {isa = PBXBuildFile; fileRef = EA8026AEAF614FAA9166E0D6 /* AddressBook.framework */; settings = {ATTRIBUTES = (Weak, ); }; };
		1B575BF9FF0648EBAD9F0BBF /* CDVSound.m in Sources */ = {isa = PBXBuildFile; fileRef = C48DB75F3BA5461F99B8192F /* CDVSound.m */; };
		1D3623260D0F684500981E51 /* AppDelegate.m in Sources */ = {isa = PBXBuildFile; fileRef = 1D3623250D0F684500981E51 /* AppDelegate.m */; };
		1D60589B0D05DD56006BFB54 /* main.m in Sources */ = {isa = PBXBuildFile; fileRef = 29B97316FDCFA39411CA2CEA /* main.m */; };
		28FAAC96904648CBB8B82E9D /* CDVInAppBrowser.m in Sources */ = {isa = PBXBuildFile; fileRef = D0C7D985835A4C74B9D5E5CE /* CDVInAppBrowser.m */; };
		2A4E667C159B41FDACAE9DE3 /* BackgroundTaskManager.m in Sources */ = {isa = PBXBuildFile; fileRef = 465901867F7F4568BC7A99E0 /* BackgroundTaskManager.m */; };
		2E34795CCF3E45028BDB6DD0 /* CDVLocalFilesystem.m in Sources */ = {isa = PBXBuildFile; fileRef = 18F379B0745F4863A0C2FACF /* CDVLocalFilesystem.m */; };
		301BF552109A68D80062928A /* libCordova.a in Frameworks */ = {isa = PBXBuildFile; fileRef = 301BF535109A57CC0062928A /* libCordova.a */; };
		302D95F114D2391D003F00A1 /* MainViewController.m in Sources */ = {isa = PBXBuildFile; fileRef = 302D95EF14D2391D003F00A1 /* MainViewController.m */; };
		302D95F214D2391D003F00A1 /* MainViewController.xib in Resources */ = {isa = PBXBuildFile; fileRef = 302D95F014D2391D003F00A1 /* MainViewController.xib */; };
		3047A5121AB8059700498E2A /* build-debug.xcconfig in Resources */ = {isa = PBXBuildFile; fileRef = 3047A50F1AB8059700498E2A /* build-debug.xcconfig */; };
		3047A5131AB8059700498E2A /* build-release.xcconfig in Resources */ = {isa = PBXBuildFile; fileRef = 3047A5101AB8059700498E2A /* build-release.xcconfig */; };
		3047A5141AB8059700498E2A /* build.xcconfig in Resources */ = {isa = PBXBuildFile; fileRef = 3047A5111AB8059700498E2A /* build.xcconfig */; };
		30F6CCA35ABA402AADC07B21 /* CocoaLumberjack.m in Sources */ = {isa = PBXBuildFile; fileRef = F7993009F9104BBFA22891FE /* CocoaLumberjack.m */; };
		3175EA8E8AB34260A7332A41 /* CDVConnection.m in Sources */ = {isa = PBXBuildFile; fileRef = D854067A0F044E56AB6E2E96 /* CDVConnection.m */; };
		31C441B278A540A6B8F205BA /* CDVLogger.m in Sources */ = {isa = PBXBuildFile; fileRef = 1C8813FE7BD14AB991F9FFB6 /* CDVLogger.m */; };
		323BEF2A8BA542C6B6194327 /* CDVNotification.bundle in Resources */ = {isa = PBXBuildFile; fileRef = 4879EC1F6ECC4DFEA38D7C68 /* CDVNotification.bundle */; };
		3C3E75791CAA4ED091F6CF20 /* CDVJpegHeaderWriter.m in Sources */ = {isa = PBXBuildFile; fileRef = DE28B3CD49FA4775ADAAD0B5 /* CDVJpegHeaderWriter.m */; };
		3C4800E1AAC14F618B0093DB /* CoreMotion.framework in Frameworks */ = {isa = PBXBuildFile; fileRef = 2E31B3C4A35F48A48F09BDF6 /* CoreMotion.framework */; };
		4068F0EF4DDC48449BD6F033 /* CDVBackgroundGeolocation.m in Sources */ = {isa = PBXBuildFile; fileRef = E72BD94E6A184A3BBEED73DA /* CDVBackgroundGeolocation.m */; };
		4BDA3C3CFF82498697E87939 /* LocationManager.m in Sources */ = {isa = PBXBuildFile; fileRef = 25CF5D1B402144B2B28A5049 /* LocationManager.m */; };
		530E8B71B59F4967A6709B5C /* CDVFile.m in Sources */ = {isa = PBXBuildFile; fileRef = F6951F67672D49598C4B3C27 /* CDVFile.m */; };
		6893A8B292714A6788F61543 /* SQLiteOpenHelper.m in Sources */ = {isa = PBXBuildFile; fileRef = 01289A433EFE49359B13060D /* SQLiteOpenHelper.m */; };
		6DF3BB4886804BA592767DE3 /* GeolocationOpenHelper.m in Sources */ = {isa = PBXBuildFile; fileRef = 3E253A365D87415091D05FEC /* GeolocationOpenHelper.m */; };
		6E3E5F6EA94D4A3C8AD807C4 /* CDVLocation.m in Sources */ = {isa = PBXBuildFile; fileRef = 668DACC5360D4A018141573A /* CDVLocation.m */; };
		6E54A2CBC7044EF5A07E3477 /* SQLiteLocationDAO.m in Sources */ = {isa = PBXBuildFile; fileRef = 08C8E5008B8A487E87068B09 /* SQLiteLocationDAO.m */; };
		799BF36AA46D47DB9CDE8244 /* CDVAssetLibraryFilesystem.m in Sources */ = {isa = PBXBuildFile; fileRef = 66692F0F2CB645D58C0ED3F8 /* CDVAssetLibraryFilesystem.m */; };
		79D73BFB63314B3EBADBE22C /* LocationUploader.m in Sources */ = {isa = PBXBuildFile; fileRef = 3C8D844FF8C44AA3BBB86562 /* LocationUploader.m */; };
		83380336B8FC469282F0DFFD /* CDVGlobalization.m in Sources */ = {isa = PBXBuildFile; fileRef = D6DC68CCAAD847648D1DB020 /* CDVGlobalization.m */; };
		86607233B7FA4C7BA0C5D54B /* CDVFileTransfer.m in Sources */ = {isa = PBXBuildFile; fileRef = 26587CEEAE2143C4A32398E1 /* CDVFileTransfer.m */; };
		878CDE93D335441BB8168012 /* CDVBattery.m in Sources */ = {isa = PBXBuildFile; fileRef = BE6FACA3B43349E2945D0C4E /* CDVBattery.m */; };
		8BEA7AD40B654351BB141D02 /* CDVVibration.m in Sources */ = {isa = PBXBuildFile; fileRef = 3CE3689DD08A4C0DB2C6209D /* CDVVibration.m */; };
		909C92997B96498E92549EB1 /* FMDBLogger.m in Sources */ = {isa = PBXBuildFile; fileRef = 36510F83DEA04B60AD5A7B14 /* FMDBLogger.m */; };
		929A82544AF94B06B3289F60 /* CDVDevice.m in Sources */ = {isa = PBXBuildFile; fileRef = 361881E4CD6B432CBA068F11 /* CDVDevice.m */; };
		942E564B7E024C5BB67ADEC7 /* SystemConfiguration.framework in Frameworks */ = {isa = PBXBuildFile; fileRef = D4A6939A4FE34DF7B7B682AC /* SystemConfiguration.framework */; settings = {ATTRIBUTES = (Weak, ); }; };
		94FA59594D4F48018F140F42 /* UIImage+CropScaleOrientation.m in Sources */ = {isa = PBXBuildFile; fileRef = 8A5C65271C0649E381490045 /* UIImage+CropScaleOrientation.m */; };
		9655C396B2D548CF9CD0370D /* CDVContact.m in Sources */ = {isa = PBXBuildFile; fileRef = 3EC57A81648E400DAC2E1D13 /* CDVContact.m */; };
		9A4325DE1C2145D194C88C0D /* AddressBookUI.framework in Frameworks */ = {isa = PBXBuildFile; fileRef = 0758FB72016641F18347D575 /* AddressBookUI.framework */; settings = {ATTRIBUTES = (Weak, ); }; };
		A0AEEFEF7B2F4BAA9D589DE3 /* Logging.m in Sources */ = {isa = PBXBuildFile; fileRef = A2AC43B85E0B411789A2D3C8 /* Logging.m */; };
		A1B540ABD5354B36952ABC19 /* CDVStatusBar.m in Sources */ = {isa = PBXBuildFile; fileRef = 95E7463FB05741AAB2433EAD /* CDVStatusBar.m */; };
		A2374E4D39FF4DEDB8EEC430 /* FMDB.m in Sources */ = {isa = PBXBuildFile; fileRef = E8545FFE59BC4C4388E50266 /* FMDB.m */; };
		A81A15653F214786BFC77734 /* CDVCapture.m in Sources */ = {isa = PBXBuildFile; fileRef = 78C29BB7CF1641A984FECE5F /* CDVCapture.m */; };
		A87931A8F9F346F1AF51EE12 /* CDVContacts.m in Sources */ = {isa = PBXBuildFile; fileRef = C91CFA1A672E4A39BF8E7528 /* CDVContacts.m */; };
		ABB5203657274B87AAF19618 /* CoreTelephony.framework in Frameworks */ = {isa = PBXBuildFile; fileRef = B37BA1976E424ACE9C1DDCD8 /* CoreTelephony.framework */; };
		ABD2ECBBFE7A4354A12676D2 /* CoreLocation.framework in Frameworks */ = {isa = PBXBuildFile; fileRef = 05B74E78FCEC420C8145CBFE /* CoreLocation.framework */; };
		B17F892CF80F465686D13EF6 /* CDVAccelerometer.m in Sources */ = {isa = PBXBuildFile; fileRef = 5CA12333E018481AA63A4C31 /* CDVAccelerometer.m */; };
		B3B8ACADB30644FF8D08DC82 /* CDVCompass.m in Sources */ = {isa = PBXBuildFile; fileRef = F7E5E3F439264AD9AE6DC94E /* CDVCompass.m */; };
		B4A4E8338A994DC695236D48 /* CDVReachability.m in Sources */ = {isa = PBXBuildFile; fileRef = BF31E31971374812B59591E5 /* CDVReachability.m */; };
		BE0AFD003BB34E06B64A5AAD /* AVFoundation.framework in Frameworks */ = {isa = PBXBuildFile; fileRef = 2DA48DF0F5844F849C724E1D /* AVFoundation.framework */; };
		CB50964A7E544EE4A975AA05 /* LocationContract.m in Sources */ = {isa = PBXBuildFile; fileRef = 11C7549A635E4237BBD5C3D1 /* LocationContract.m */; };
		D32F35C591DF49A5A8BE500E /* SQLiteHelper.m in Sources */ = {isa = PBXBuildFile; fileRef = 0A8867908F074A47B1EE35BA /* SQLiteHelper.m */; };
		D3BE5C92025541A98A5535DA /* AudioToolbox.framework in Frameworks */ = {isa = PBXBuildFile; fileRef = AE24C4B7B4B0444D9E9AC5CE /* AudioToolbox.framework */; settings = {ATTRIBUTES = (Weak, ); }; };
		DC525005F0F0447BB354BD6F /* Config.m in Sources */ = {isa = PBXBuildFile; fileRef = 5E3B61A6D60D40458F8F01AB /* Config.m */; };
		DF182A94B8CF42C5A638BD32 /* CDVNotification.m in Sources */ = {isa = PBXBuildFile; fileRef = 3E53ABD1377C45C49C9EF6AA /* CDVNotification.m */; };
		EC09E16E218949A98F374ED6 /* Reachability.m in Sources */ = {isa = PBXBuildFile; fileRef = 34D585C4489F48A2922858C7 /* Reachability.m */; };
		F5360A7FFDF24C29B8462AC2 /* CDVCapture.bundle in Resources */ = {isa = PBXBuildFile; fileRef = 6687560D82A649DEA12C4276 /* CDVCapture.bundle */; };
		FDD18856676C4411AE677B06 /* ImageIO.framework in Frameworks */ = {isa = PBXBuildFile; fileRef = 2F4AF6A02B6540F89C538814 /* ImageIO.framework */; settings = {ATTRIBUTES = (Weak, ); }; };
/* End PBXBuildFile section */

/* Begin PBXContainerItemProxy section */
		301BF534109A57CC0062928A /* PBXContainerItemProxy */ = {
			isa = PBXContainerItemProxy;
			containerPortal = 301BF52D109A57CC0062928A /* CordovaLib.xcodeproj */;
			proxyType = 2;
			remoteGlobalIDString = D2AAC07E0554694100DB518D;
			remoteInfo = CordovaLib;
		};
		301BF550109A68C00062928A /* PBXContainerItemProxy */ = {
			isa = PBXContainerItemProxy;
			containerPortal = 301BF52D109A57CC0062928A /* CordovaLib.xcodeproj */;
			proxyType = 1;
			remoteGlobalIDString = D2AAC07D0554694100DB518D;
			remoteInfo = CordovaLib;
		};
/* End PBXContainerItemProxy section */

/* Begin PBXFileReference section */
		01289A433EFE49359B13060D /* SQLiteOpenHelper.m */ = {isa = PBXFileReference; explicitFileType = undefined; fileEncoding = 4; includeInIndex = 0; lastKnownFileType = sourcecode.c.objc; name = SQLiteOpenHelper.m; path = "cordova-plugin-mauron85-background-geolocation/SQLiteOpenHelper.m"; sourceTree = "<group>"; };
		01E9F453CC364E949613592A /* FMDB.h */ = {isa = PBXFileReference; explicitFileType = undefined; fileEncoding = 4; includeInIndex = 0; lastKnownFileType = sourcecode.c.h; name = FMDB.h; path = "cordova-plugin-mauron85-background-geolocation/FMDB.h"; sourceTree = "<group>"; };
		0207DA571B56EA530066E2B4 /* Images.xcassets */ = {isa = PBXFileReference; lastKnownFileType = folder.assetcatalog; name = Images.xcassets; path = "FACS Tech Location/Images.xcassets"; sourceTree = SOURCE_ROOT; };
		05B74E78FCEC420C8145CBFE /* CoreLocation.framework */ = {isa = PBXFileReference; explicitFileType = undefined; fileEncoding = 9; includeInIndex = 0; lastKnownFileType = wrapper.framework; name = CoreLocation.framework; path = System/Library/Frameworks/CoreLocation.framework; sourceTree = SDKROOT; };
		0758FB72016641F18347D575 /* AddressBookUI.framework */ = {isa = PBXFileReference; explicitFileType = undefined; fileEncoding = 9; includeInIndex = 0; lastKnownFileType = wrapper.framework; name = AddressBookUI.framework; path = System/Library/Frameworks/AddressBookUI.framework; sourceTree = SDKROOT; };
		0876CB6F7CB744328A93A219 /* LocationUploader.h */ = {isa = PBXFileReference; explicitFileType = undefined; fileEncoding = 4; includeInIndex = 0; lastKnownFileType = sourcecode.c.h; name = LocationUploader.h; path = "cordova-plugin-mauron85-background-geolocation/LocationUploader.h"; sourceTree = "<group>"; };
		08C8E5008B8A487E87068B09 /* SQLiteLocationDAO.m */ = {isa = PBXFileReference; explicitFileType = undefined; fileEncoding = 4; includeInIndex = 0; lastKnownFileType = sourcecode.c.objc; name = SQLiteLocationDAO.m; path = "cordova-plugin-mauron85-background-geolocation/SQLiteLocationDAO.m"; sourceTree = "<group>"; };
		08EC146BF81C46AC8BC5C9B4 /* libsqlite3.dylib */ = {isa = PBXFileReference; explicitFileType = undefined; fileEncoding = 9; includeInIndex = 0; lastKnownFileType = "compiled.mach-o.dylib"; name = libsqlite3.dylib; path = usr/lib/libsqlite3.dylib; sourceTree = SDKROOT; };
		0A8867908F074A47B1EE35BA /* SQLiteHelper.m */ = {isa = PBXFileReference; explicitFileType = undefined; fileEncoding = 4; includeInIndex = 0; lastKnownFileType = sourcecode.c.objc; name = SQLiteHelper.m; path = "cordova-plugin-mauron85-background-geolocation/SQLiteHelper.m"; sourceTree = "<group>"; };
		0AFAC2833F0C43E8B0AE5EFF /* Logging.h */ = {isa = PBXFileReference; explicitFileType = undefined; fileEncoding = 4; includeInIndex = 0; lastKnownFileType = sourcecode.c.h; name = Logging.h; path = "cordova-plugin-mauron85-background-geolocation/Logging.h"; sourceTree = "<group>"; };
		0D71D20F483748DEAD21C581 /* CDVConnection.h */ = {isa = PBXFileReference; explicitFileType = undefined; fileEncoding = 4; includeInIndex = 0; lastKnownFileType = sourcecode.c.h; name = CDVConnection.h; path = "cordova-plugin-network-information/CDVConnection.h"; sourceTree = "<group>"; };
		0E2B618B3FD24E599B91034D /* CDVJpegHeaderWriter.h */ = {isa = PBXFileReference; explicitFileType = undefined; fileEncoding = 4; includeInIndex = 0; lastKnownFileType = sourcecode.c.h; name = CDVJpegHeaderWriter.h; path = "cordova-plugin-camera/CDVJpegHeaderWriter.h"; sourceTree = "<group>"; };
		11C7549A635E4237BBD5C3D1 /* LocationContract.m */ = {isa = PBXFileReference; explicitFileType = undefined; fileEncoding = 4; includeInIndex = 0; lastKnownFileType = sourcecode.c.objc; name = LocationContract.m; path = "cordova-plugin-mauron85-background-geolocation/LocationContract.m"; sourceTree = "<group>"; };
		165A3FE95BB54E44B0FD9BA4 /* CDVInAppBrowser.h */ = {isa = PBXFileReference; explicitFileType = undefined; fileEncoding = 4; includeInIndex = 0; lastKnownFileType = sourcecode.c.h; name = CDVInAppBrowser.h; path = "cordova-plugin-inappbrowser/CDVInAppBrowser.h"; sourceTree = "<group>"; };
		18F379B0745F4863A0C2FACF /* CDVLocalFilesystem.m */ = {isa = PBXFileReference; explicitFileType = undefined; fileEncoding = 4; includeInIndex = 0; lastKnownFileType = sourcecode.c.objc; name = CDVLocalFilesystem.m; path = "cordova-plugin-file/CDVLocalFilesystem.m"; sourceTree = "<group>"; };
		1B6767FD68AE4B1A8241AD1C /* FMDBLogger.h */ = {isa = PBXFileReference; explicitFileType = undefined; fileEncoding = 4; includeInIndex = 0; lastKnownFileType = sourcecode.c.h; name = FMDBLogger.h; path = "cordova-plugin-mauron85-background-geolocation/FMDBLogger.h"; sourceTree = "<group>"; };
		1C26E1C8991E4B6C85896754 /* CDVFile.h */ = {isa = PBXFileReference; explicitFileType = undefined; fileEncoding = 4; includeInIndex = 0; lastKnownFileType = sourcecode.c.h; name = CDVFile.h; path = "cordova-plugin-file/CDVFile.h"; sourceTree = "<group>"; };
		1C8813FE7BD14AB991F9FFB6 /* CDVLogger.m */ = {isa = PBXFileReference; explicitFileType = undefined; fileEncoding = 4; includeInIndex = 0; lastKnownFileType = sourcecode.c.objc; name = CDVLogger.m; path = "cordova-plugin-console/CDVLogger.m"; sourceTree = "<group>"; };
		1D3623240D0F684500981E51 /* AppDelegate.h */ = {isa = PBXFileReference; fileEncoding = 4; lastKnownFileType = sourcecode.c.h; path = AppDelegate.h; sourceTree = "<group>"; };
		1D3623250D0F684500981E51 /* AppDelegate.m */ = {isa = PBXFileReference; fileEncoding = 4; lastKnownFileType = sourcecode.c.objc; path = AppDelegate.m; sourceTree = "<group>"; };
		1D6058910D05DD3D006BFB54 /* FACS Tech Location.app */ = {isa = PBXFileReference; explicitFileType = wrapper.application; includeInIndex = 0; path = "FACS Tech Location.app"; sourceTree = BUILT_PRODUCTS_DIR; };
		1D675598A9594A28BB645755 /* SQLiteHelper.h */ = {isa = PBXFileReference; explicitFileType = undefined; fileEncoding = 4; includeInIndex = 0; lastKnownFileType = sourcecode.c.h; name = SQLiteHelper.h; path = "cordova-plugin-mauron85-background-geolocation/SQLiteHelper.h"; sourceTree = "<group>"; };
		1EB489A6BD30498297914EC5 /* CDVViewController+SplashScreen.h */ = {isa = PBXFileReference; explicitFileType = undefined; fileEncoding = 4; includeInIndex = 0; lastKnownFileType = sourcecode.c.h; name = "CDVViewController+SplashScreen.h"; path = "cordova-plugin-splashscreen/CDVViewController+SplashScreen.h"; sourceTree = "<group>"; };
		249897E7022A470D96A16CD4 /* CDVExif.h */ = {isa = PBXFileReference; explicitFileType = undefined; fileEncoding = 4; includeInIndex = 0; lastKnownFileType = sourcecode.c.h; name = CDVExif.h; path = "cordova-plugin-camera/CDVExif.h"; sourceTree = "<group>"; };
		25CF5D1B402144B2B28A5049 /* LocationManager.m */ = {isa = PBXFileReference; explicitFileType = undefined; fileEncoding = 4; includeInIndex = 0; lastKnownFileType = sourcecode.c.objc; name = LocationManager.m; path = "cordova-plugin-mauron85-background-geolocation/LocationManager.m"; sourceTree = "<group>"; };
		26587CEEAE2143C4A32398E1 /* CDVFileTransfer.m */ = {isa = PBXFileReference; explicitFileType = undefined; fileEncoding = 4; includeInIndex = 0; lastKnownFileType = sourcecode.c.objc; name = CDVFileTransfer.m; path = "cordova-plugin-file-transfer/CDVFileTransfer.m"; sourceTree = "<group>"; };
		29B97316FDCFA39411CA2CEA /* main.m */ = {isa = PBXFileReference; fileEncoding = 4; lastKnownFileType = sourcecode.c.objc; path = main.m; sourceTree = "<group>"; };
		2AAE78F8231D4DFA9311D980 /* CDVCamera.h */ = {isa = PBXFileReference; explicitFileType = undefined; fileEncoding = 4; includeInIndex = 0; lastKnownFileType = sourcecode.c.h; name = CDVCamera.h; path = "cordova-plugin-camera/CDVCamera.h"; sourceTree = "<group>"; };
		2BB1FE4ABE7A4C588CD7C707 /* CDVAccelerometer.h */ = {isa = PBXFileReference; explicitFileType = undefined; fileEncoding = 4; includeInIndex = 0; lastKnownFileType = sourcecode.c.h; name = CDVAccelerometer.h; path = "cordova-plugin-device-motion/CDVAccelerometer.h"; sourceTree = "<group>"; };
		2DA48DF0F5844F849C724E1D /* AVFoundation.framework */ = {isa = PBXFileReference; explicitFileType = undefined; fileEncoding = 9; includeInIndex = 0; lastKnownFileType = wrapper.framework; name = AVFoundation.framework; path = System/Library/Frameworks/AVFoundation.framework; sourceTree = SDKROOT; };
		2E31B3C4A35F48A48F09BDF6 /* CoreMotion.framework */ = {isa = PBXFileReference; explicitFileType = undefined; fileEncoding = 9; includeInIndex = 0; lastKnownFileType = wrapper.framework; name = CoreMotion.framework; path = System/Library/Frameworks/CoreMotion.framework; sourceTree = SDKROOT; };
		2E8493E5C34B4A4881C76FB4 /* CDVStatusBar.h */ = {isa = PBXFileReference; explicitFileType = undefined; fileEncoding = 4; includeInIndex = 0; lastKnownFileType = sourcecode.c.h; name = CDVStatusBar.h; path = "cordova-plugin-statusbar/CDVStatusBar.h"; sourceTree = "<group>"; };
		2F4AF6A02B6540F89C538814 /* ImageIO.framework */ = {isa = PBXFileReference; explicitFileType = undefined; fileEncoding = 9; includeInIndex = 0; lastKnownFileType = wrapper.framework; name = ImageIO.framework; path = System/Library/Frameworks/ImageIO.framework; sourceTree = SDKROOT; };
		2FD1B18A31CA42CD8B55E8F4 /* CDVCapture.h */ = {isa = PBXFileReference; explicitFileType = undefined; fileEncoding = 4; includeInIndex = 0; lastKnownFileType = sourcecode.c.h; name = CDVCapture.h; path = "cordova-plugin-media-capture/CDVCapture.h"; sourceTree = "<group>"; };
		301BF52D109A57CC0062928A /* CordovaLib.xcodeproj */ = {isa = PBXFileReference; lastKnownFileType = "wrapper.pb-project"; name = CordovaLib.xcodeproj; path = CordovaLib/CordovaLib.xcodeproj; sourceTree = "<group>"; };
		301BF56E109A69640062928A /* www */ = {isa = PBXFileReference; lastKnownFileType = folder; path = www; sourceTree = SOURCE_ROOT; };
		302D95EE14D2391D003F00A1 /* MainViewController.h */ = {isa = PBXFileReference; fileEncoding = 4; lastKnownFileType = sourcecode.c.h; path = MainViewController.h; sourceTree = "<group>"; };
		302D95EF14D2391D003F00A1 /* MainViewController.m */ = {isa = PBXFileReference; fileEncoding = 4; lastKnownFileType = sourcecode.c.objc; path = MainViewController.m; sourceTree = "<group>"; };
		302D95F014D2391D003F00A1 /* MainViewController.xib */ = {isa = PBXFileReference; fileEncoding = 4; lastKnownFileType = file.xib; path = MainViewController.xib; sourceTree = "<group>"; };
		3047A50F1AB8059700498E2A /* build-debug.xcconfig */ = {isa = PBXFileReference; fileEncoding = 4; lastKnownFileType = text.xcconfig; name = "build-debug.xcconfig"; path = "cordova/build-debug.xcconfig"; sourceTree = SOURCE_ROOT; };
		3047A5101AB8059700498E2A /* build-release.xcconfig */ = {isa = PBXFileReference; fileEncoding = 4; lastKnownFileType = text.xcconfig; name = "build-release.xcconfig"; path = "cordova/build-release.xcconfig"; sourceTree = SOURCE_ROOT; };
		3047A5111AB8059700498E2A /* build.xcconfig */ = {isa = PBXFileReference; fileEncoding = 4; lastKnownFileType = text.xcconfig; name = build.xcconfig; path = cordova/build.xcconfig; sourceTree = SOURCE_ROOT; };
		32CA4F630368D1EE00C91783 /* FACS Tech Location-Prefix.pch */ = {isa = PBXFileReference; fileEncoding = 4; lastKnownFileType = sourcecode.c.h; path = "FACS Tech Location-Prefix.pch"; sourceTree = "<group>"; };
		34D585C4489F48A2922858C7 /* Reachability.m */ = {isa = PBXFileReference; explicitFileType = undefined; fileEncoding = 4; includeInIndex = 0; lastKnownFileType = sourcecode.c.objc; name = Reachability.m; path = "cordova-plugin-mauron85-background-geolocation/Reachability.m"; sourceTree = "<group>"; };
		361881E4CD6B432CBA068F11 /* CDVDevice.m */ = {isa = PBXFileReference; explicitFileType = undefined; fileEncoding = 4; includeInIndex = 0; lastKnownFileType = sourcecode.c.objc; name = CDVDevice.m; path = "cordova-plugin-device/CDVDevice.m"; sourceTree = "<group>"; };
		36510F83DEA04B60AD5A7B14 /* FMDBLogger.m */ = {isa = PBXFileReference; explicitFileType = undefined; fileEncoding = 4; includeInIndex = 0; lastKnownFileType = sourcecode.c.objc; name = FMDBLogger.m; path = "cordova-plugin-mauron85-background-geolocation/FMDBLogger.m"; sourceTree = "<group>"; };
		371B0E8D6FFE43EAA2E9131B /* UIImage+CropScaleOrientation.h */ = {isa = PBXFileReference; explicitFileType = undefined; fileEncoding = 4; includeInIndex = 0; lastKnownFileType = sourcecode.c.h; name = "UIImage+CropScaleOrientation.h"; path = "cordova-plugin-camera/UIImage+CropScaleOrientation.h"; sourceTree = "<group>"; };
		3C8D844FF8C44AA3BBB86562 /* LocationUploader.m */ = {isa = PBXFileReference; explicitFileType = undefined; fileEncoding = 4; includeInIndex = 0; lastKnownFileType = sourcecode.c.objc; name = LocationUploader.m; path = "cordova-plugin-mauron85-background-geolocation/LocationUploader.m"; sourceTree = "<group>"; };
		3CE3689DD08A4C0DB2C6209D /* CDVVibration.m */ = {isa = PBXFileReference; explicitFileType = undefined; fileEncoding = 4; includeInIndex = 0; lastKnownFileType = sourcecode.c.objc; name = CDVVibration.m; path = "cordova-plugin-vibration/CDVVibration.m"; sourceTree = "<group>"; };
		3E253A365D87415091D05FEC /* GeolocationOpenHelper.m */ = {isa = PBXFileReference; explicitFileType = undefined; fileEncoding = 4; includeInIndex = 0; lastKnownFileType = sourcecode.c.objc; name = GeolocationOpenHelper.m; path = "cordova-plugin-mauron85-background-geolocation/GeolocationOpenHelper.m"; sourceTree = "<group>"; };
		3E53ABD1377C45C49C9EF6AA /* CDVNotification.m */ = {isa = PBXFileReference; explicitFileType = undefined; fileEncoding = 4; includeInIndex = 0; lastKnownFileType = sourcecode.c.objc; name = CDVNotification.m; path = "cordova-plugin-dialogs/CDVNotification.m"; sourceTree = "<group>"; };
		3EC57A81648E400DAC2E1D13 /* CDVContact.m */ = {isa = PBXFileReference; explicitFileType = undefined; fileEncoding = 4; includeInIndex = 0; lastKnownFileType = sourcecode.c.objc; name = CDVContact.m; path = "cordova-plugin-contacts/CDVContact.m"; sourceTree = "<group>"; };
		435C3C7BAA004031B6487A36 /* SQLiteOpenHelper.h */ = {isa = PBXFileReference; explicitFileType = undefined; fileEncoding = 4; includeInIndex = 0; lastKnownFileType = sourcecode.c.h; name = SQLiteOpenHelper.h; path = "cordova-plugin-mauron85-background-geolocation/SQLiteOpenHelper.h"; sourceTree = "<group>"; };
		45452036795B4914995CD8AD /* CDVBackgroundGeolocation.h */ = {isa = PBXFileReference; explicitFileType = undefined; fileEncoding = 4; includeInIndex = 0; lastKnownFileType = sourcecode.c.h; name = CDVBackgroundGeolocation.h; path = "cordova-plugin-mauron85-background-geolocation/CDVBackgroundGeolocation.h"; sourceTree = "<group>"; };
		465901867F7F4568BC7A99E0 /* BackgroundTaskManager.m */ = {isa = PBXFileReference; explicitFileType = undefined; fileEncoding = 4; includeInIndex = 0; lastKnownFileType = sourcecode.c.objc; name = BackgroundTaskManager.m; path = "cordova-plugin-mauron85-background-geolocation/BackgroundTaskManager.m"; sourceTree = "<group>"; };
		4879EC1F6ECC4DFEA38D7C68 /* CDVNotification.bundle */ = {isa = PBXFileReference; explicitFileType = undefined; fileEncoding = 9; includeInIndex = 0; lastKnownFileType = "wrapper.plug-in"; path = CDVNotification.bundle; sourceTree = "<group>"; };
		4D102FCC2BD0442BB6E95A0D /* CDVLocation.h */ = {isa = PBXFileReference; explicitFileType = undefined; fileEncoding = 4; includeInIndex = 0; lastKnownFileType = sourcecode.c.h; name = CDVLocation.h; path = "cordova-plugin-geolocation/CDVLocation.h"; sourceTree = "<group>"; };
		5B8AED73235B4372A6F7F112 /* Location.h */ = {isa = PBXFileReference; explicitFileType = undefined; fileEncoding = 4; includeInIndex = 0; lastKnownFileType = sourcecode.c.h; name = Location.h; path = "cordova-plugin-mauron85-background-geolocation/Location.h"; sourceTree = "<group>"; };
		5CA12333E018481AA63A4C31 /* CDVAccelerometer.m */ = {isa = PBXFileReference; explicitFileType = undefined; fileEncoding = 4; includeInIndex = 0; lastKnownFileType = sourcecode.c.objc; name = CDVAccelerometer.m; path = "cordova-plugin-device-motion/CDVAccelerometer.m"; sourceTree = "<group>"; };
		5D9CA3F5AF2C432FBB6BECF4 /* Reachability.h */ = {isa = PBXFileReference; explicitFileType = undefined; fileEncoding = 4; includeInIndex = 0; lastKnownFileType = sourcecode.c.h; name = Reachability.h; path = "cordova-plugin-mauron85-background-geolocation/Reachability.h"; sourceTree = "<group>"; };
		5E3B61A6D60D40458F8F01AB /* Config.m */ = {isa = PBXFileReference; explicitFileType = undefined; fileEncoding = 4; includeInIndex = 0; lastKnownFileType = sourcecode.c.objc; name = Config.m; path = "cordova-plugin-mauron85-background-geolocation/Config.m"; sourceTree = "<group>"; };
		60427DF0FC6245AAABC3742F /* CocoaLumberjack.h */ = {isa = PBXFileReference; explicitFileType = undefined; fileEncoding = 4; includeInIndex = 0; lastKnownFileType = sourcecode.c.h; name = CocoaLumberjack.h; path = "cordova-plugin-mauron85-background-geolocation/CocoaLumberjack.h"; sourceTree = "<group>"; };
		61D1B9D3FF3C4F039516B124 /* CDVNotification.h */ = {isa = PBXFileReference; explicitFileType = undefined; fileEncoding = 4; includeInIndex = 0; lastKnownFileType = sourcecode.c.h; name = CDVNotification.h; path = "cordova-plugin-dialogs/CDVNotification.h"; sourceTree = "<group>"; };
		66692F0F2CB645D58C0ED3F8 /* CDVAssetLibraryFilesystem.m */ = {isa = PBXFileReference; explicitFileType = undefined; fileEncoding = 4; includeInIndex = 0; lastKnownFileType = sourcecode.c.objc; name = CDVAssetLibraryFilesystem.m; path = "cordova-plugin-file/CDVAssetLibraryFilesystem.m"; sourceTree = "<group>"; };
		6687560D82A649DEA12C4276 /* CDVCapture.bundle */ = {isa = PBXFileReference; explicitFileType = undefined; fileEncoding = 9; includeInIndex = 0; lastKnownFileType = "wrapper.plug-in"; path = CDVCapture.bundle; sourceTree = "<group>"; };
		668DACC5360D4A018141573A /* CDVLocation.m */ = {isa = PBXFileReference; explicitFileType = undefined; fileEncoding = 4; includeInIndex = 0; lastKnownFileType = sourcecode.c.objc; name = CDVLocation.m; path = "cordova-plugin-geolocation/CDVLocation.m"; sourceTree = "<group>"; };
		713E50F00E79415A97722909 /* CDVFileTransfer.h */ = {isa = PBXFileReference; explicitFileType = undefined; fileEncoding = 4; includeInIndex = 0; lastKnownFileType = sourcecode.c.h; name = CDVFileTransfer.h; path = "cordova-plugin-file-transfer/CDVFileTransfer.h"; sourceTree = "<group>"; };
		72686FFFC2DE428FA1CEAB12 /* CDVSplashScreen.h */ = {isa = PBXFileReference; explicitFileType = undefined; fileEncoding = 4; includeInIndex = 0; lastKnownFileType = sourcecode.c.h; name = CDVSplashScreen.h; path = "cordova-plugin-splashscreen/CDVSplashScreen.h"; sourceTree = "<group>"; };
		78C29BB7CF1641A984FECE5F /* CDVCapture.m */ = {isa = PBXFileReference; explicitFileType = undefined; fileEncoding = 4; includeInIndex = 0; lastKnownFileType = sourcecode.c.objc; name = CDVCapture.m; path = "cordova-plugin-media-capture/CDVCapture.m"; sourceTree = "<group>"; };
		7DAE04806E464E51A6C5B110 /* CDVDevice.h */ = {isa = PBXFileReference; explicitFileType = undefined; fileEncoding = 4; includeInIndex = 0; lastKnownFileType = sourcecode.c.h; name = CDVDevice.h; path = "cordova-plugin-device/CDVDevice.h"; sourceTree = "<group>"; };
		7F032CB892F740228B582C72 /* CDVViewController+SplashScreen.m */ = {isa = PBXFileReference; explicitFileType = undefined; fileEncoding = 4; includeInIndex = 0; lastKnownFileType = sourcecode.c.objc; name = "CDVViewController+SplashScreen.m"; path = "cordova-plugin-splashscreen/CDVViewController+SplashScreen.m"; sourceTree = "<group>"; };
		7F1F65ACF9E84398B079FFAF /* SQLiteLocationDAO.h */ = {isa = PBXFileReference; explicitFileType = undefined; fileEncoding = 4; includeInIndex = 0; lastKnownFileType = sourcecode.c.h; name = SQLiteLocationDAO.h; path = "cordova-plugin-mauron85-background-geolocation/SQLiteLocationDAO.h"; sourceTree = "<group>"; };
		8750AB99D8CB450EBF1287A1 /* CDVReachability.h */ = {isa = PBXFileReference; explicitFileType = undefined; fileEncoding = 4; includeInIndex = 0; lastKnownFileType = sourcecode.c.h; name = CDVReachability.h; path = "cordova-plugin-network-information/CDVReachability.h"; sourceTree = "<group>"; };
		8A5C65271C0649E381490045 /* UIImage+CropScaleOrientation.m */ = {isa = PBXFileReference; explicitFileType = undefined; fileEncoding = 4; includeInIndex = 0; lastKnownFileType = sourcecode.c.objc; name = "UIImage+CropScaleOrientation.m"; path = "cordova-plugin-camera/UIImage+CropScaleOrientation.m"; sourceTree = "<group>"; };
		8ADCF5BE58014CD091DD49D3 /* CDVVibration.h */ = {isa = PBXFileReference; explicitFileType = undefined; fileEncoding = 4; includeInIndex = 0; lastKnownFileType = sourcecode.c.h; name = CDVVibration.h; path = "cordova-plugin-vibration/CDVVibration.h"; sourceTree = "<group>"; };
		8D1107310486CEB800E47090 /* FACS Tech Location-Info.plist */ = {isa = PBXFileReference; fileEncoding = 4; lastKnownFileType = text.plist.xml; name = "FACS Tech Location-Info.plist"; path = "FACS Tech Location/FACS Tech Location-Info.plist"; plistStructureDefinitionIdentifier = "com.apple.xcode.plist.structure-definition.iphone.info-plist"; sourceTree = SOURCE_ROOT; };
		8D8A9A31EA6246DBBD999AA9 /* CDVLocalFilesystem.h */ = {isa = PBXFileReference; explicitFileType = undefined; fileEncoding = 4; includeInIndex = 0; lastKnownFileType = sourcecode.c.h; name = CDVLocalFilesystem.h; path = "cordova-plugin-file/CDVLocalFilesystem.h"; sourceTree = "<group>"; };
		93FD3F3A1C9846AABFC66489 /* CDVSound.h */ = {isa = PBXFileReference; explicitFileType = undefined; fileEncoding = 4; includeInIndex = 0; lastKnownFileType = sourcecode.c.h; name = CDVSound.h; path = "cordova-plugin-media/CDVSound.h"; sourceTree = "<group>"; };
		95E7463FB05741AAB2433EAD /* CDVStatusBar.m */ = {isa = PBXFileReference; explicitFileType = undefined; fileEncoding = 4; includeInIndex = 0; lastKnownFileType = sourcecode.c.objc; name = CDVStatusBar.m; path = "cordova-plugin-statusbar/CDVStatusBar.m"; sourceTree = "<group>"; };
		A1FF808293E64E68A888832F /* CDVContact.h */ = {isa = PBXFileReference; explicitFileType = undefined; fileEncoding = 4; includeInIndex = 0; lastKnownFileType = sourcecode.c.h; name = CDVContact.h; path = "cordova-plugin-contacts/CDVContact.h"; sourceTree = "<group>"; };
		A2AC43B85E0B411789A2D3C8 /* Logging.m */ = {isa = PBXFileReference; explicitFileType = undefined; fileEncoding = 4; includeInIndex = 0; lastKnownFileType = sourcecode.c.objc; name = Logging.m; path = "cordova-plugin-mauron85-background-geolocation/Logging.m"; sourceTree = "<group>"; };
		A54D2C7DE82A4E75B57A16CE /* LocationContract.h */ = {isa = PBXFileReference; explicitFileType = undefined; fileEncoding = 4; includeInIndex = 0; lastKnownFileType = sourcecode.c.h; name = LocationContract.h; path = "cordova-plugin-mauron85-background-geolocation/LocationContract.h"; sourceTree = "<group>"; };
		AE24C4B7B4B0444D9E9AC5CE /* AudioToolbox.framework */ = {isa = PBXFileReference; explicitFileType = undefined; fileEncoding = 9; includeInIndex = 0; lastKnownFileType = wrapper.framework; name = AudioToolbox.framework; path = System/Library/Frameworks/AudioToolbox.framework; sourceTree = SDKROOT; };
		AE49D9DD5E1A42C69E8F41C0 /* CDVContacts.h */ = {isa = PBXFileReference; explicitFileType = undefined; fileEncoding = 4; includeInIndex = 0; lastKnownFileType = sourcecode.c.h; name = CDVContacts.h; path = "cordova-plugin-contacts/CDVContacts.h"; sourceTree = "<group>"; };
		AEC599F2F0194498ACE15A95 /* CDVGlobalization.h */ = {isa = PBXFileReference; explicitFileType = undefined; fileEncoding = 4; includeInIndex = 0; lastKnownFileType = sourcecode.c.h; name = CDVGlobalization.h; path = "cordova-plugin-globalization/CDVGlobalization.h"; sourceTree = "<group>"; };
		B37BA1976E424ACE9C1DDCD8 /* CoreTelephony.framework */ = {isa = PBXFileReference; explicitFileType = undefined; fileEncoding = 9; includeInIndex = 0; lastKnownFileType = wrapper.framework; name = CoreTelephony.framework; path = System/Library/Frameworks/CoreTelephony.framework; sourceTree = SDKROOT; };
		B44F8BD67B1D424298A76FE9 /* LocationManager.h */ = {isa = PBXFileReference; explicitFileType = undefined; fileEncoding = 4; includeInIndex = 0; lastKnownFileType = sourcecode.c.h; name = LocationManager.h; path = "cordova-plugin-mauron85-background-geolocation/LocationManager.h"; sourceTree = "<group>"; };
		BE6FACA3B43349E2945D0C4E /* CDVBattery.m */ = {isa = PBXFileReference; explicitFileType = undefined; fileEncoding = 4; includeInIndex = 0; lastKnownFileType = sourcecode.c.objc; name = CDVBattery.m; path = "cordova-plugin-battery-status/CDVBattery.m"; sourceTree = "<group>"; };
		BE75F10D263344DA896EC6FA /* CDVCompass.h */ = {isa = PBXFileReference; explicitFileType = undefined; fileEncoding = 4; includeInIndex = 0; lastKnownFileType = sourcecode.c.h; name = CDVCompass.h; path = "cordova-plugin-device-orientation/CDVCompass.h"; sourceTree = "<group>"; };
		BF31E31971374812B59591E5 /* CDVReachability.m */ = {isa = PBXFileReference; explicitFileType = undefined; fileEncoding = 4; includeInIndex = 0; lastKnownFileType = sourcecode.c.objc; name = CDVReachability.m; path = "cordova-plugin-network-information/CDVReachability.m"; sourceTree = "<group>"; };
		C48DB75F3BA5461F99B8192F /* CDVSound.m */ = {isa = PBXFileReference; explicitFileType = undefined; fileEncoding = 4; includeInIndex = 0; lastKnownFileType = sourcecode.c.objc; name = CDVSound.m; path = "cordova-plugin-media/CDVSound.m"; sourceTree = "<group>"; };
		C91CFA1A672E4A39BF8E7528 /* CDVContacts.m */ = {isa = PBXFileReference; explicitFileType = undefined; fileEncoding = 4; includeInIndex = 0; lastKnownFileType = sourcecode.c.objc; name = CDVContacts.m; path = "cordova-plugin-contacts/CDVContacts.m"; sourceTree = "<group>"; };
		CE11FB8ADA434224820C9058 /* Location.m */ = {isa = PBXFileReference; explicitFileType = undefined; fileEncoding = 4; includeInIndex = 0; lastKnownFileType = sourcecode.c.objc; name = Location.m; path = "cordova-plugin-mauron85-background-geolocation/Location.m"; sourceTree = "<group>"; };
		D0C7D985835A4C74B9D5E5CE /* CDVInAppBrowser.m */ = {isa = PBXFileReference; explicitFileType = undefined; fileEncoding = 4; includeInIndex = 0; lastKnownFileType = sourcecode.c.objc; name = CDVInAppBrowser.m; path = "cordova-plugin-inappbrowser/CDVInAppBrowser.m"; sourceTree = "<group>"; };
		D4A6939A4FE34DF7B7B682AC /* SystemConfiguration.framework */ = {isa = PBXFileReference; explicitFileType = undefined; fileEncoding = 9; includeInIndex = 0; lastKnownFileType = wrapper.framework; name = SystemConfiguration.framework; path = System/Library/Frameworks/SystemConfiguration.framework; sourceTree = SDKROOT; };
		D6DC68CCAAD847648D1DB020 /* CDVGlobalization.m */ = {isa = PBXFileReference; explicitFileType = undefined; fileEncoding = 4; includeInIndex = 0; lastKnownFileType = sourcecode.c.objc; name = CDVGlobalization.m; path = "cordova-plugin-globalization/CDVGlobalization.m"; sourceTree = "<group>"; };
		D854067A0F044E56AB6E2E96 /* CDVConnection.m */ = {isa = PBXFileReference; explicitFileType = undefined; fileEncoding = 4; includeInIndex = 0; lastKnownFileType = sourcecode.c.objc; name = CDVConnection.m; path = "cordova-plugin-network-information/CDVConnection.m"; sourceTree = "<group>"; };
		DE218085703E448B992BE8AB /* CDVCamera.m */ = {isa = PBXFileReference; explicitFileType = undefined; fileEncoding = 4; includeInIndex = 0; lastKnownFileType = sourcecode.c.objc; name = CDVCamera.m; path = "cordova-plugin-camera/CDVCamera.m"; sourceTree = "<group>"; };
		DE28B3CD49FA4775ADAAD0B5 /* CDVJpegHeaderWriter.m */ = {isa = PBXFileReference; explicitFileType = undefined; fileEncoding = 4; includeInIndex = 0; lastKnownFileType = sourcecode.c.objc; name = CDVJpegHeaderWriter.m; path = "cordova-plugin-camera/CDVJpegHeaderWriter.m"; sourceTree = "<group>"; };
		E5EEAA34A9A248EB8A7E56A5 /* CDVBattery.h */ = {isa = PBXFileReference; explicitFileType = undefined; fileEncoding = 4; includeInIndex = 0; lastKnownFileType = sourcecode.c.h; name = CDVBattery.h; path = "cordova-plugin-battery-status/CDVBattery.h"; sourceTree = "<group>"; };
		E72BD94E6A184A3BBEED73DA /* CDVBackgroundGeolocation.m */ = {isa = PBXFileReference; explicitFileType = undefined; fileEncoding = 4; includeInIndex = 0; lastKnownFileType = sourcecode.c.objc; name = CDVBackgroundGeolocation.m; path = "cordova-plugin-mauron85-background-geolocation/CDVBackgroundGeolocation.m"; sourceTree = "<group>"; };
		E8545FFE59BC4C4388E50266 /* FMDB.m */ = {isa = PBXFileReference; explicitFileType = undefined; fileEncoding = 4; includeInIndex = 0; lastKnownFileType = sourcecode.c.objc; name = FMDB.m; path = "cordova-plugin-mauron85-background-geolocation/FMDB.m"; sourceTree = "<group>"; };
		EA8026AEAF614FAA9166E0D6 /* AddressBook.framework */ = {isa = PBXFileReference; explicitFileType = undefined; fileEncoding = 9; includeInIndex = 0; lastKnownFileType = wrapper.framework; name = AddressBook.framework; path = System/Library/Frameworks/AddressBook.framework; sourceTree = SDKROOT; };
		EB71629E13DE4C4AB0A2132F /* CDVLogger.h */ = {isa = PBXFileReference; explicitFileType = undefined; fileEncoding = 4; includeInIndex = 0; lastKnownFileType = sourcecode.c.h; name = CDVLogger.h; path = "cordova-plugin-console/CDVLogger.h"; sourceTree = "<group>"; };
		EB87FDF31871DA8E0020F90C /* www */ = {isa = PBXFileReference; lastKnownFileType = folder; name = www; path = ../../www; sourceTree = "<group>"; };
		EB87FDF41871DAF40020F90C /* config.xml */ = {isa = PBXFileReference; lastKnownFileType = text.xml; name = config.xml; path = ../../config.xml; sourceTree = "<group>"; };
		ED33DF2A687741AEAF9F8254 /* Bridging-Header.h */ = {isa = PBXFileReference; fileEncoding = 4; lastKnownFileType = sourcecode.c.h; path = "Bridging-Header.h"; sourceTree = "<group>"; };
		ED50D3F130F34005B5BDF415 /* CDVSplashScreen.m */ = {isa = PBXFileReference; explicitFileType = undefined; fileEncoding = 4; includeInIndex = 0; lastKnownFileType = sourcecode.c.objc; name = CDVSplashScreen.m; path = "cordova-plugin-splashscreen/CDVSplashScreen.m"; sourceTree = "<group>"; };
		ED5756BE81664DBBBF53D81F /* BackgroundTaskManager.h */ = {isa = PBXFileReference; explicitFileType = undefined; fileEncoding = 4; includeInIndex = 0; lastKnownFileType = sourcecode.c.h; name = BackgroundTaskManager.h; path = "cordova-plugin-mauron85-background-geolocation/BackgroundTaskManager.h"; sourceTree = "<group>"; };
		ED6FB80956594318ABC18163 /* CDVAssetLibraryFilesystem.h */ = {isa = PBXFileReference; explicitFileType = undefined; fileEncoding = 4; includeInIndex = 0; lastKnownFileType = sourcecode.c.h; name = CDVAssetLibraryFilesystem.h; path = "cordova-plugin-file/CDVAssetLibraryFilesystem.h"; sourceTree = "<group>"; };
		F0A44345A61B4662843170E0 /* GeolocationOpenHelper.h */ = {isa = PBXFileReference; explicitFileType = undefined; fileEncoding = 4; includeInIndex = 0; lastKnownFileType = sourcecode.c.h; name = GeolocationOpenHelper.h; path = "cordova-plugin-mauron85-background-geolocation/GeolocationOpenHelper.h"; sourceTree = "<group>"; };
		F6951F67672D49598C4B3C27 /* CDVFile.m */ = {isa = PBXFileReference; explicitFileType = undefined; fileEncoding = 4; includeInIndex = 0; lastKnownFileType = sourcecode.c.objc; name = CDVFile.m; path = "cordova-plugin-file/CDVFile.m"; sourceTree = "<group>"; };
		F7993009F9104BBFA22891FE /* CocoaLumberjack.m */ = {isa = PBXFileReference; explicitFileType = undefined; fileEncoding = 4; includeInIndex = 0; lastKnownFileType = sourcecode.c.objc; name = CocoaLumberjack.m; path = "cordova-plugin-mauron85-background-geolocation/CocoaLumberjack.m"; sourceTree = "<group>"; };
		F7E5E3F439264AD9AE6DC94E /* CDVCompass.m */ = {isa = PBXFileReference; explicitFileType = undefined; fileEncoding = 4; includeInIndex = 0; lastKnownFileType = sourcecode.c.objc; name = CDVCompass.m; path = "cordova-plugin-device-orientation/CDVCompass.m"; sourceTree = "<group>"; };
		F840E1F0165FE0F500CFE078 /* config.xml */ = {isa = PBXFileReference; lastKnownFileType = text.xml; name = config.xml; path = "FACS Tech Location/config.xml"; sourceTree = "<group>"; };
		FF0ABF7AD1DC4EE49027C819 /* Config.h */ = {isa = PBXFileReference; explicitFileType = undefined; fileEncoding = 4; includeInIndex = 0; lastKnownFileType = sourcecode.c.h; name = Config.h; path = "cordova-plugin-mauron85-background-geolocation/Config.h"; sourceTree = "<group>"; };
/* End PBXFileReference section */

/* Begin PBXFrameworksBuildPhase section */
		1D60588F0D05DD3D006BFB54 /* Frameworks */ = {
			isa = PBXFrameworksBuildPhase;
			buildActionMask = 2147483647;
			files = (
				301BF552109A68D80062928A /* libCordova.a in Frameworks */,
				FDD18856676C4411AE677B06 /* ImageIO.framework in Frameworks */,
				ABD2ECBBFE7A4354A12676D2 /* CoreLocation.framework in Frameworks */,
				BE0AFD003BB34E06B64A5AAD /* AVFoundation.framework in Frameworks */,
				1A5070C4A94F4114BF6E37DF /* AddressBook.framework in Frameworks */,
				9A4325DE1C2145D194C88C0D /* AddressBookUI.framework in Frameworks */,
				3C4800E1AAC14F618B0093DB /* CoreMotion.framework in Frameworks */,
				D3BE5C92025541A98A5535DA /* AudioToolbox.framework in Frameworks */,
				942E564B7E024C5BB67ADEC7 /* SystemConfiguration.framework in Frameworks */,
				ABB5203657274B87AAF19618 /* CoreTelephony.framework in Frameworks */,
				15F1DA74298D40B994338240 /* libsqlite3.dylib in Frameworks */,
			);
			runOnlyForDeploymentPostprocessing = 0;
		};
/* End PBXFrameworksBuildPhase section */

/* Begin PBXGroup section */
		080E96DDFE201D6D7F000001 /* Classes */ = {
			isa = PBXGroup;
			children = (
				302D95EE14D2391D003F00A1 /* MainViewController.h */,
				302D95EF14D2391D003F00A1 /* MainViewController.m */,
				302D95F014D2391D003F00A1 /* MainViewController.xib */,
				1D3623240D0F684500981E51 /* AppDelegate.h */,
				1D3623250D0F684500981E51 /* AppDelegate.m */,
			);
			name = Classes;
			path = "FACS Tech Location/Classes";
			sourceTree = SOURCE_ROOT;
		};
		19C28FACFE9D520D11CA2CBB /* Products */ = {
			isa = PBXGroup;
			children = (
				1D6058910D05DD3D006BFB54 /* FACS Tech Location.app */,
			);
			name = Products;
			sourceTree = "<group>";
		};
		29B97314FDCFA39411CA2CEA /* CustomTemplate */ = {
			isa = PBXGroup;
			children = (
				EB87FDF41871DAF40020F90C /* config.xml */,
				EB87FDF31871DA8E0020F90C /* www */,
				EB87FDF11871DA420020F90C /* Staging */,
				301BF52D109A57CC0062928A /* CordovaLib.xcodeproj */,
				080E96DDFE201D6D7F000001 /* Classes */,
				307C750510C5A3420062BCA9 /* Plugins */,
				29B97315FDCFA39411CA2CEA /* Other Sources */,
				29B97317FDCFA39411CA2CEA /* Resources */,
				29B97323FDCFA39411CA2CEA /* Frameworks */,
				19C28FACFE9D520D11CA2CBB /* Products */,
			);
			name = CustomTemplate;
			sourceTree = "<group>";
		};
		29B97315FDCFA39411CA2CEA /* Other Sources */ = {
			isa = PBXGroup;
			children = (
				32CA4F630368D1EE00C91783 /* FACS Tech Location-Prefix.pch */,
				29B97316FDCFA39411CA2CEA /* main.m */,
				ED33DF2A687741AEAF9F8254 /* Bridging-Header.h */,
			);
			name = "Other Sources";
			path = "FACS Tech Location";
			sourceTree = "<group>";
		};
		29B97317FDCFA39411CA2CEA /* Resources */ = {
			isa = PBXGroup;
			children = (
				0207DA571B56EA530066E2B4 /* Images.xcassets */,
				3047A50E1AB8057F00498E2A /* config */,
				8D1107310486CEB800E47090 /* FACS Tech Location-Info.plist */,
				6687560D82A649DEA12C4276 /* CDVCapture.bundle */,
				4879EC1F6ECC4DFEA38D7C68 /* CDVNotification.bundle */,
			);
			name = Resources;
			path = "FACS Tech Location/Resources";
			sourceTree = "<group>";
		};
		29B97323FDCFA39411CA2CEA /* Frameworks */ = {
			isa = PBXGroup;
			children = (
				2F4AF6A02B6540F89C538814 /* ImageIO.framework */,
				05B74E78FCEC420C8145CBFE /* CoreLocation.framework */,
				2DA48DF0F5844F849C724E1D /* AVFoundation.framework */,
				EA8026AEAF614FAA9166E0D6 /* AddressBook.framework */,
				0758FB72016641F18347D575 /* AddressBookUI.framework */,
				2E31B3C4A35F48A48F09BDF6 /* CoreMotion.framework */,
				AE24C4B7B4B0444D9E9AC5CE /* AudioToolbox.framework */,
				D4A6939A4FE34DF7B7B682AC /* SystemConfiguration.framework */,
				B37BA1976E424ACE9C1DDCD8 /* CoreTelephony.framework */,
				08EC146BF81C46AC8BC5C9B4 /* libsqlite3.dylib */,
			);
			name = Frameworks;
			sourceTree = "<group>";
		};
		301BF52E109A57CC0062928A /* Products */ = {
			isa = PBXGroup;
			children = (
				301BF535109A57CC0062928A /* libCordova.a */,
			);
			name = Products;
			sourceTree = "<group>";
		};
		3047A50E1AB8057F00498E2A /* config */ = {
			isa = PBXGroup;
			children = (
				3047A50F1AB8059700498E2A /* build-debug.xcconfig */,
				3047A5101AB8059700498E2A /* build-release.xcconfig */,
				3047A5111AB8059700498E2A /* build.xcconfig */,
			);
			name = config;
			sourceTree = "<group>";
		};
		307C750510C5A3420062BCA9 /* Plugins */ = {
			isa = PBXGroup;
			children = (
				BE6FACA3B43349E2945D0C4E /* CDVBattery.m */,
				E5EEAA34A9A248EB8A7E56A5 /* CDVBattery.h */,
				8A5C65271C0649E381490045 /* UIImage+CropScaleOrientation.m */,
				DE218085703E448B992BE8AB /* CDVCamera.m */,
				DE28B3CD49FA4775ADAAD0B5 /* CDVJpegHeaderWriter.m */,
				371B0E8D6FFE43EAA2E9131B /* UIImage+CropScaleOrientation.h */,
				2AAE78F8231D4DFA9311D980 /* CDVCamera.h */,
				0E2B618B3FD24E599B91034D /* CDVJpegHeaderWriter.h */,
				249897E7022A470D96A16CD4 /* CDVExif.h */,
				F6951F67672D49598C4B3C27 /* CDVFile.m */,
				18F379B0745F4863A0C2FACF /* CDVLocalFilesystem.m */,
				66692F0F2CB645D58C0ED3F8 /* CDVAssetLibraryFilesystem.m */,
				1C26E1C8991E4B6C85896754 /* CDVFile.h */,
				8D8A9A31EA6246DBBD999AA9 /* CDVLocalFilesystem.h */,
				ED6FB80956594318ABC18163 /* CDVAssetLibraryFilesystem.h */,
				78C29BB7CF1641A984FECE5F /* CDVCapture.m */,
				2FD1B18A31CA42CD8B55E8F4 /* CDVCapture.h */,
				1C8813FE7BD14AB991F9FFB6 /* CDVLogger.m */,
				EB71629E13DE4C4AB0A2132F /* CDVLogger.h */,
				C91CFA1A672E4A39BF8E7528 /* CDVContacts.m */,
				3EC57A81648E400DAC2E1D13 /* CDVContact.m */,
				AE49D9DD5E1A42C69E8F41C0 /* CDVContacts.h */,
				A1FF808293E64E68A888832F /* CDVContact.h */,
				361881E4CD6B432CBA068F11 /* CDVDevice.m */,
				7DAE04806E464E51A6C5B110 /* CDVDevice.h */,
				5CA12333E018481AA63A4C31 /* CDVAccelerometer.m */,
				2BB1FE4ABE7A4C588CD7C707 /* CDVAccelerometer.h */,
				F7E5E3F439264AD9AE6DC94E /* CDVCompass.m */,
				BE75F10D263344DA896EC6FA /* CDVCompass.h */,
				3E53ABD1377C45C49C9EF6AA /* CDVNotification.m */,
				61D1B9D3FF3C4F039516B124 /* CDVNotification.h */,
				26587CEEAE2143C4A32398E1 /* CDVFileTransfer.m */,
				713E50F00E79415A97722909 /* CDVFileTransfer.h */,
				668DACC5360D4A018141573A /* CDVLocation.m */,
				4D102FCC2BD0442BB6E95A0D /* CDVLocation.h */,
				D6DC68CCAAD847648D1DB020 /* CDVGlobalization.m */,
				AEC599F2F0194498ACE15A95 /* CDVGlobalization.h */,
				D0C7D985835A4C74B9D5E5CE /* CDVInAppBrowser.m */,
				165A3FE95BB54E44B0FD9BA4 /* CDVInAppBrowser.h */,
				C48DB75F3BA5461F99B8192F /* CDVSound.m */,
				93FD3F3A1C9846AABFC66489 /* CDVSound.h */,
				D854067A0F044E56AB6E2E96 /* CDVConnection.m */,
				BF31E31971374812B59591E5 /* CDVReachability.m */,
				0D71D20F483748DEAD21C581 /* CDVConnection.h */,
				8750AB99D8CB450EBF1287A1 /* CDVReachability.h */,
				ED50D3F130F34005B5BDF415 /* CDVSplashScreen.m */,
				7F032CB892F740228B582C72 /* CDVViewController+SplashScreen.m */,
				72686FFFC2DE428FA1CEAB12 /* CDVSplashScreen.h */,
				1EB489A6BD30498297914EC5 /* CDVViewController+SplashScreen.h */,
				95E7463FB05741AAB2433EAD /* CDVStatusBar.m */,
				2E8493E5C34B4A4881C76FB4 /* CDVStatusBar.h */,
				3CE3689DD08A4C0DB2C6209D /* CDVVibration.m */,
				8ADCF5BE58014CD091DD49D3 /* CDVVibration.h */,
				465901867F7F4568BC7A99E0 /* BackgroundTaskManager.m */,
				E72BD94E6A184A3BBEED73DA /* CDVBackgroundGeolocation.m */,
				F7993009F9104BBFA22891FE /* CocoaLumberjack.m */,
				5E3B61A6D60D40458F8F01AB /* Config.m */,
				E8545FFE59BC4C4388E50266 /* FMDB.m */,
				36510F83DEA04B60AD5A7B14 /* FMDBLogger.m */,
				3E253A365D87415091D05FEC /* GeolocationOpenHelper.m */,
				CE11FB8ADA434224820C9058 /* Location.m */,
				11C7549A635E4237BBD5C3D1 /* LocationContract.m */,
				25CF5D1B402144B2B28A5049 /* LocationManager.m */,
				3C8D844FF8C44AA3BBB86562 /* LocationUploader.m */,
				A2AC43B85E0B411789A2D3C8 /* Logging.m */,
				34D585C4489F48A2922858C7 /* Reachability.m */,
				0A8867908F074A47B1EE35BA /* SQLiteHelper.m */,
				08C8E5008B8A487E87068B09 /* SQLiteLocationDAO.m */,
				01289A433EFE49359B13060D /* SQLiteOpenHelper.m */,
				ED5756BE81664DBBBF53D81F /* BackgroundTaskManager.h */,
				45452036795B4914995CD8AD /* CDVBackgroundGeolocation.h */,
				60427DF0FC6245AAABC3742F /* CocoaLumberjack.h */,
				FF0ABF7AD1DC4EE49027C819 /* Config.h */,
				01E9F453CC364E949613592A /* FMDB.h */,
				1B6767FD68AE4B1A8241AD1C /* FMDBLogger.h */,
				F0A44345A61B4662843170E0 /* GeolocationOpenHelper.h */,
				5B8AED73235B4372A6F7F112 /* Location.h */,
				A54D2C7DE82A4E75B57A16CE /* LocationContract.h */,
				B44F8BD67B1D424298A76FE9 /* LocationManager.h */,
				0876CB6F7CB744328A93A219 /* LocationUploader.h */,
				0AFAC2833F0C43E8B0AE5EFF /* Logging.h */,
				5D9CA3F5AF2C432FBB6BECF4 /* Reachability.h */,
				1D675598A9594A28BB645755 /* SQLiteHelper.h */,
				7F1F65ACF9E84398B079FFAF /* SQLiteLocationDAO.h */,
				435C3C7BAA004031B6487A36 /* SQLiteOpenHelper.h */,
			);
			name = Plugins;
			path = "FACS Tech Location/Plugins";
			sourceTree = SOURCE_ROOT;
		};
		EB87FDF11871DA420020F90C /* Staging */ = {
			isa = PBXGroup;
			children = (
				F840E1F0165FE0F500CFE078 /* config.xml */,
				301BF56E109A69640062928A /* www */,
			);
			name = Staging;
			sourceTree = "<group>";
		};
/* End PBXGroup section */

/* Begin PBXNativeTarget section */
		1D6058900D05DD3D006BFB54 /* FACS Tech Location */ = {
			isa = PBXNativeTarget;
			buildConfigurationList = 1D6058960D05DD3E006BFB54 /* Build configuration list for PBXNativeTarget "FACS Tech Location" */;
			buildPhases = (
				304B58A110DAC018002A0835 /* Copy www directory */,
				1D60588D0D05DD3D006BFB54 /* Resources */,
				1D60588E0D05DD3D006BFB54 /* Sources */,
				1D60588F0D05DD3D006BFB54 /* Frameworks */,
			);
			buildRules = (
			);
			dependencies = (
				301BF551109A68C00062928A /* PBXTargetDependency */,
			);
			name = "FACS Tech Location";
			productName = "FACS Tech Location";
			productReference = 1D6058910D05DD3D006BFB54 /* FACS Tech Location.app */;
			productType = "com.apple.product-type.application";
		};
/* End PBXNativeTarget section */

/* Begin PBXProject section */
		29B97313FDCFA39411CA2CEA /* Project object */ = {
			isa = PBXProject;
			attributes = {
				LastUpgradeCheck = 800;
			};
			buildConfigurationList = C01FCF4E08A954540054247B /* Build configuration list for PBXProject "FACS Tech Location" */;
			compatibilityVersion = "Xcode 3.2";
			developmentRegion = English;
			hasScannedForEncodings = 1;
			knownRegions = (
				en,
			);
			mainGroup = 29B97314FDCFA39411CA2CEA /* CustomTemplate */;
			projectDirPath = "";
			projectReferences = (
				{
					ProductGroup = 301BF52E109A57CC0062928A /* Products */;
					ProjectRef = 301BF52D109A57CC0062928A /* CordovaLib.xcodeproj */;
				},
			);
			projectRoot = "";
			targets = (
				1D6058900D05DD3D006BFB54 /* FACS Tech Location */,
			);
		};
/* End PBXProject section */

/* Begin PBXReferenceProxy section */
		301BF535109A57CC0062928A /* libCordova.a */ = {
			isa = PBXReferenceProxy;
			fileType = archive.ar;
			path = libCordova.a;
			remoteRef = 301BF534109A57CC0062928A /* PBXContainerItemProxy */;
			sourceTree = BUILT_PRODUCTS_DIR;
		};
/* End PBXReferenceProxy section */

/* Begin PBXResourcesBuildPhase section */
		1D60588D0D05DD3D006BFB54 /* Resources */ = {
			isa = PBXResourcesBuildPhase;
			buildActionMask = 2147483647;
			files = (
				302D95F214D2391D003F00A1 /* MainViewController.xib in Resources */,
				3047A5131AB8059700498E2A /* build-release.xcconfig in Resources */,
				3047A5141AB8059700498E2A /* build.xcconfig in Resources */,
				0207DA581B56EA530066E2B4 /* Images.xcassets in Resources */,
				3047A5121AB8059700498E2A /* build-debug.xcconfig in Resources */,
				F5360A7FFDF24C29B8462AC2 /* CDVCapture.bundle in Resources */,
				323BEF2A8BA542C6B6194327 /* CDVNotification.bundle in Resources */,
			);
			runOnlyForDeploymentPostprocessing = 0;
		};
/* End PBXResourcesBuildPhase section */

/* Begin PBXShellScriptBuildPhase section */
		304B58A110DAC018002A0835 /* Copy www directory */ = {
			isa = PBXShellScriptBuildPhase;
			buildActionMask = 2147483647;
			files = (
			);
			inputPaths = (
			);
			name = "Copy www directory";
			outputPaths = (
			);
			runOnlyForDeploymentPostprocessing = 0;
			shellPath = /bin/sh;
			shellScript = "NODEJS_PATH=/usr/local/bin; NVM_NODE_PATH=~/.nvm/versions/node/`nvm version 2>/dev/null`/bin; N_NODE_PATH=`find /usr/local/n/versions/node/* -maxdepth 0 -type d 2>/dev/null | tail -1`/bin; XCODE_NODE_PATH=`xcode-select --print-path`/usr/share/xcs/Node/bin; PATH=$NODEJS_PATH:$NVM_NODE_PATH:$N_NODE_PATH:$XCODE_NODE_PATH:$PATH && node cordova/lib/copy-www-build-step.js";
			showEnvVarsInLog = 0;
		};
/* End PBXShellScriptBuildPhase section */

/* Begin PBXSourcesBuildPhase section */
		1D60588E0D05DD3D006BFB54 /* Sources */ = {
			isa = PBXSourcesBuildPhase;
			buildActionMask = 2147483647;
			files = (
				1D60589B0D05DD56006BFB54 /* main.m in Sources */,
				1D3623260D0F684500981E51 /* AppDelegate.m in Sources */,
				302D95F114D2391D003F00A1 /* MainViewController.m in Sources */,
				878CDE93D335441BB8168012 /* CDVBattery.m in Sources */,
				94FA59594D4F48018F140F42 /* UIImage+CropScaleOrientation.m in Sources */,
				10A2CA8D01C24261A0A9805C /* CDVCamera.m in Sources */,
				3C3E75791CAA4ED091F6CF20 /* CDVJpegHeaderWriter.m in Sources */,
				530E8B71B59F4967A6709B5C /* CDVFile.m in Sources */,
				2E34795CCF3E45028BDB6DD0 /* CDVLocalFilesystem.m in Sources */,
				799BF36AA46D47DB9CDE8244 /* CDVAssetLibraryFilesystem.m in Sources */,
				A81A15653F214786BFC77734 /* CDVCapture.m in Sources */,
				31C441B278A540A6B8F205BA /* CDVLogger.m in Sources */,
				A87931A8F9F346F1AF51EE12 /* CDVContacts.m in Sources */,
				9655C396B2D548CF9CD0370D /* CDVContact.m in Sources */,
				929A82544AF94B06B3289F60 /* CDVDevice.m in Sources */,
				B17F892CF80F465686D13EF6 /* CDVAccelerometer.m in Sources */,
				B3B8ACADB30644FF8D08DC82 /* CDVCompass.m in Sources */,
				DF182A94B8CF42C5A638BD32 /* CDVNotification.m in Sources */,
				86607233B7FA4C7BA0C5D54B /* CDVFileTransfer.m in Sources */,
				6E3E5F6EA94D4A3C8AD807C4 /* CDVLocation.m in Sources */,
				83380336B8FC469282F0DFFD /* CDVGlobalization.m in Sources */,
				28FAAC96904648CBB8B82E9D /* CDVInAppBrowser.m in Sources */,
				1B575BF9FF0648EBAD9F0BBF /* CDVSound.m in Sources */,
				3175EA8E8AB34260A7332A41 /* CDVConnection.m in Sources */,
				B4A4E8338A994DC695236D48 /* CDVReachability.m in Sources */,
				13298C063A714C9AA334983C /* CDVSplashScreen.m in Sources */,
				116D936F550D4EB8AF5BCB58 /* CDVViewController+SplashScreen.m in Sources */,
				A1B540ABD5354B36952ABC19 /* CDVStatusBar.m in Sources */,
				8BEA7AD40B654351BB141D02 /* CDVVibration.m in Sources */,
				2A4E667C159B41FDACAE9DE3 /* BackgroundTaskManager.m in Sources */,
				4068F0EF4DDC48449BD6F033 /* CDVBackgroundGeolocation.m in Sources */,
				30F6CCA35ABA402AADC07B21 /* CocoaLumberjack.m in Sources */,
				DC525005F0F0447BB354BD6F /* Config.m in Sources */,
				A2374E4D39FF4DEDB8EEC430 /* FMDB.m in Sources */,
				909C92997B96498E92549EB1 /* FMDBLogger.m in Sources */,
				6DF3BB4886804BA592767DE3 /* GeolocationOpenHelper.m in Sources */,
				017CEF4FB68A4CA3A3DDEC9B /* Location.m in Sources */,
				CB50964A7E544EE4A975AA05 /* LocationContract.m in Sources */,
				4BDA3C3CFF82498697E87939 /* LocationManager.m in Sources */,
				79D73BFB63314B3EBADBE22C /* LocationUploader.m in Sources */,
				A0AEEFEF7B2F4BAA9D589DE3 /* Logging.m in Sources */,
				EC09E16E218949A98F374ED6 /* Reachability.m in Sources */,
				D32F35C591DF49A5A8BE500E /* SQLiteHelper.m in Sources */,
				6E54A2CBC7044EF5A07E3477 /* SQLiteLocationDAO.m in Sources */,
				6893A8B292714A6788F61543 /* SQLiteOpenHelper.m in Sources */,
			);
			runOnlyForDeploymentPostprocessing = 0;
		};
/* End PBXSourcesBuildPhase section */

/* Begin PBXTargetDependency section */
		301BF551109A68C00062928A /* PBXTargetDependency */ = {
			isa = PBXTargetDependency;
			name = CordovaLib;
			targetProxy = 301BF550109A68C00062928A /* PBXContainerItemProxy */;
		};
/* End PBXTargetDependency section */

/* Begin XCBuildConfiguration section */
		1D6058940D05DD3E006BFB54 /* Debug */ = {
			isa = XCBuildConfiguration;
			baseConfigurationReference = 3047A50F1AB8059700498E2A /* build-debug.xcconfig */;
			buildSettings = {
				ALWAYS_SEARCH_USER_PATHS = NO;
				ASSETCATALOG_COMPILER_APPICON_NAME = AppIcon;
				ASSETCATALOG_COMPILER_LAUNCHIMAGE_NAME = LaunchImage;
				CLANG_ENABLE_MODULES = YES;
				CLANG_ENABLE_OBJC_ARC = YES;
				COPY_PHASE_STRIP = NO;
				GCC_DYNAMIC_NO_PIC = NO;
				GCC_OPTIMIZATION_LEVEL = 0;
				GCC_PRECOMPILE_PREFIX_HEADER = YES;
				GCC_PREFIX_HEADER = "FACS Tech Location/FACS Tech Location-Prefix.pch";
				GCC_THUMB_SUPPORT = NO;
				GCC_VERSION = "";
				INFOPLIST_FILE = "FACS Tech Location/FACS Tech Location-Info.plist";
				LD_RUNPATH_SEARCH_PATHS = "@executable_path/Frameworks";
				PRODUCT_BUNDLE_IDENTIFIER = com.facsman.techlocation;
				PRODUCT_NAME = "FACS Tech Location";
			};
			name = Debug;
		};
		1D6058950D05DD3E006BFB54 /* Release */ = {
			isa = XCBuildConfiguration;
			baseConfigurationReference = 3047A5101AB8059700498E2A /* build-release.xcconfig */;
			buildSettings = {
				ALWAYS_SEARCH_USER_PATHS = NO;
				ASSETCATALOG_COMPILER_APPICON_NAME = AppIcon;
				ASSETCATALOG_COMPILER_LAUNCHIMAGE_NAME = LaunchImage;
				CLANG_ENABLE_MODULES = YES;
				CLANG_ENABLE_OBJC_ARC = YES;
				COPY_PHASE_STRIP = YES;
				GCC_PRECOMPILE_PREFIX_HEADER = YES;
				GCC_PREFIX_HEADER = "FACS Tech Location/FACS Tech Location-Prefix.pch";
				GCC_THUMB_SUPPORT = NO;
				GCC_VERSION = "";
				INFOPLIST_FILE = "FACS Tech Location/FACS Tech Location-Info.plist";
				PRODUCT_BUNDLE_IDENTIFIER = com.facsman.techlocation;
				PRODUCT_NAME = "FACS Tech Location";
			};
			name = Release;
		};
		C01FCF4F08A954540054247B /* Debug */ = {
			isa = XCBuildConfiguration;
			baseConfigurationReference = 3047A5111AB8059700498E2A /* build.xcconfig */;
			buildSettings = {
				CLANG_ENABLE_MODULES = YES;
				CLANG_ENABLE_OBJC_ARC = YES;
				CLANG_WARN_BOOL_CONVERSION = YES;
				CLANG_WARN_CONSTANT_CONVERSION = YES;
				CLANG_WARN_EMPTY_BODY = YES;
				CLANG_WARN_ENUM_CONVERSION = YES;
				CLANG_WARN_INFINITE_RECURSION = YES;
				CLANG_WARN_INT_CONVERSION = YES;
				CLANG_WARN_SUSPICIOUS_MOVE = YES;
				CLANG_WARN_UNREACHABLE_CODE = YES;
				CLANG_WARN__DUPLICATE_METHOD_MATCH = YES;
				ENABLE_STRICT_OBJC_MSGSEND = YES;
				ENABLE_TESTABILITY = YES;
				GCC_C_LANGUAGE_STANDARD = c99;
				GCC_NO_COMMON_BLOCKS = YES;
				GCC_THUMB_SUPPORT = NO;
				GCC_VERSION = "";
				GCC_WARN_64_TO_32_BIT_CONVERSION = YES;
				GCC_WARN_ABOUT_RETURN_TYPE = YES;
				GCC_WARN_UNDECLARED_SELECTOR = YES;
				GCC_WARN_UNINITIALIZED_AUTOS = YES;
				GCC_WARN_UNUSED_FUNCTION = YES;
				GCC_WARN_UNUSED_VARIABLE = YES;
				IPHONEOS_DEPLOYMENT_TARGET = 8.0;
				ONLY_ACTIVE_ARCH = YES;
				PRODUCT_NAME = "FACS FACS Tech Location";
				SDKROOT = iphoneos;
				SKIP_INSTALL = NO;
			};
			name = Debug;
		};
		C01FCF5008A954540054247B /* Release */ = {
			isa = XCBuildConfiguration;
			baseConfigurationReference = 3047A5111AB8059700498E2A /* build.xcconfig */;
			buildSettings = {
				CLANG_ENABLE_MODULES = YES;
				CLANG_ENABLE_OBJC_ARC = YES;
				CLANG_WARN_BOOL_CONVERSION = YES;
				CLANG_WARN_CONSTANT_CONVERSION = YES;
				CLANG_WARN_EMPTY_BODY = YES;
				CLANG_WARN_ENUM_CONVERSION = YES;
				CLANG_WARN_INFINITE_RECURSION = YES;
				CLANG_WARN_INT_CONVERSION = YES;
				CLANG_WARN_SUSPICIOUS_MOVE = YES;
				CLANG_WARN_UNREACHABLE_CODE = YES;
				CLANG_WARN__DUPLICATE_METHOD_MATCH = YES;
				ENABLE_STRICT_OBJC_MSGSEND = YES;
				GCC_C_LANGUAGE_STANDARD = c99;
				GCC_NO_COMMON_BLOCKS = YES;
				GCC_THUMB_SUPPORT = NO;
				GCC_VERSION = "";
				GCC_WARN_64_TO_32_BIT_CONVERSION = YES;
				GCC_WARN_ABOUT_RETURN_TYPE = YES;
				GCC_WARN_UNDECLARED_SELECTOR = YES;
				GCC_WARN_UNINITIALIZED_AUTOS = YES;
				GCC_WARN_UNUSED_FUNCTION = YES;
				GCC_WARN_UNUSED_VARIABLE = YES;
				IPHONEOS_DEPLOYMENT_TARGET = 8.0;
				PRODUCT_NAME = "FACS FACS Tech Location";
				SDKROOT = iphoneos;
				SKIP_INSTALL = NO;
			};
			name = Release;
		};
/* End XCBuildConfiguration section */

/* Begin XCConfigurationList section */
		1D6058960D05DD3E006BFB54 /* Build configuration list for PBXNativeTarget "FACS Tech Location" */ = {
			isa = XCConfigurationList;
			buildConfigurations = (
				1D6058940D05DD3E006BFB54 /* Debug */,
				1D6058950D05DD3E006BFB54 /* Release */,
			);
			defaultConfigurationIsVisible = 0;
			defaultConfigurationName = Debug;
		};
		C01FCF4E08A954540054247B /* Build configuration list for PBXProject "FACS Tech Location" */ = {
			isa = XCConfigurationList;
			buildConfigurations = (
				C01FCF4F08A954540054247B /* Debug */,
				C01FCF5008A954540054247B /* Release */,
			);
			defaultConfigurationIsVisible = 0;
			defaultConfigurationName = Debug;
		};
/* End XCConfigurationList section */
	};
	rootObject = 29B97313FDCFA39411CA2CEA /* Project object */;
}
